
Microsoft Visual Studio Solution File, Format Version 12.00
Project("{FAE04EC0-301F-11D3-BF4B-00C04F79EFBC}") = "Day1", "Day1\Day1.csproj", "{4D792C24-AF98-43A3-99A8-FF75BC215735}"
EndProject
Project("{FAE04EC0-301F-11D3-BF4B-00C04F79EFBC}") = "Day2", "Day2\Day2.csproj", "{43611EF4-2276-4C1A-AB1E-069F426B2EAF}"
EndProject
Project("{FAE04EC0-301F-11D3-BF4B-00C04F79EFBC}") = "Day3", "Day3\Day3.csproj", "{C3BB16DD-9D0D-4469-845A-712C724671B9}"
EndProject
Project("{FAE04EC0-301F-11D3-BF4B-00C04F79EFBC}") = "Day4", "Day4\Day4.csproj", "{48888E17-1014-4D96-B16F-6B7A5A9379D3}"
EndProject
Project("{FAE04EC0-301F-11D3-BF4B-00C04F79EFBC}") = "Day5", "Day5\Day5.csproj", "{F42229F4-C758-4F9D-B713-E82D2EBC4CA7}"
EndProject
Project("{FAE04EC0-301F-11D3-BF4B-00C04F79EFBC}") = "Day6", "Day6\Day6.csproj", "{2FFB5DAD-5281-42C7-9DAD-BC637F694142}"
EndProject
Project("{FAE04EC0-301F-11D3-BF4B-00C04F79EFBC}") = "Day7", "Day7\Day7.csproj", "{4C4D0B0F-5EFC-49FC-A9D0-55BF79CA4622}"
EndProject
Project("{FAE04EC0-301F-11D3-BF4B-00C04F79EFBC}") = "Day8", "Day8\Day8.csproj", "{7B3AAF9B-A221-4CF7-AF44-FCFCDEA54C5F}"
EndProject
Project("{FAE04EC0-301F-11D3-BF4B-00C04F79EFBC}") = "Day9", "Day9\Day9.csproj", "{552B6A18-AA44-4D9C-9164-3814C44672D0}"
EndProject
Project("{FAE04EC0-301F-11D3-BF4B-00C04F79EFBC}") = "Day10", "Day10\Day10.csproj", "{4DE1410B-D14F-4461-AD52-102431A6147B}"
EndProject
Project("{FAE04EC0-301F-11D3-BF4B-00C04F79EFBC}") = "Day11", "Day11\Day11.csproj", "{AEEAE6BD-6F12-407C-AFDA-32D6174C7918}"
EndProject
Project("{FAE04EC0-301F-11D3-BF4B-00C04F79EFBC}") = "Day12", "Day12\Day12.csproj", "{E863B0BD-D632-44A5-B11B-244B652C1A0B}"
EndProject
Global
	GlobalSection(SolutionConfigurationPlatforms) = preSolution
		Debug|Any CPU = Debug|Any CPU
		Release|Any CPU = Release|Any CPU
	EndGlobalSection
	GlobalSection(ProjectConfigurationPlatforms) = postSolution
		{4D792C24-AF98-43A3-99A8-FF75BC215735}.Debug|Any CPU.ActiveCfg = Debug|Any CPU
		{4D792C24-AF98-43A3-99A8-FF75BC215735}.Debug|Any CPU.Build.0 = Debug|Any CPU
		{4D792C24-AF98-43A3-99A8-FF75BC215735}.Release|Any CPU.ActiveCfg = Release|Any CPU
		{4D792C24-AF98-43A3-99A8-FF75BC215735}.Release|Any CPU.Build.0 = Release|Any CPU
		{43611EF4-2276-4C1A-AB1E-069F426B2EAF}.Debug|Any CPU.ActiveCfg = Debug|Any CPU
		{43611EF4-2276-4C1A-AB1E-069F426B2EAF}.Debug|Any CPU.Build.0 = Debug|Any CPU
		{43611EF4-2276-4C1A-AB1E-069F426B2EAF}.Release|Any CPU.ActiveCfg = Release|Any CPU
		{43611EF4-2276-4C1A-AB1E-069F426B2EAF}.Release|Any CPU.Build.0 = Release|Any CPU
		{C3BB16DD-9D0D-4469-845A-712C724671B9}.Debug|Any CPU.ActiveCfg = Debug|Any CPU
		{C3BB16DD-9D0D-4469-845A-712C724671B9}.Debug|Any CPU.Build.0 = Debug|Any CPU
		{C3BB16DD-9D0D-4469-845A-712C724671B9}.Release|Any CPU.ActiveCfg = Release|Any CPU
		{C3BB16DD-9D0D-4469-845A-712C724671B9}.Release|Any CPU.Build.0 = Release|Any CPU
		{48888E17-1014-4D96-B16F-6B7A5A9379D3}.Debug|Any CPU.ActiveCfg = Debug|Any CPU
		{48888E17-1014-4D96-B16F-6B7A5A9379D3}.Debug|Any CPU.Build.0 = Debug|Any CPU
		{48888E17-1014-4D96-B16F-6B7A5A9379D3}.Release|Any CPU.ActiveCfg = Release|Any CPU
		{48888E17-1014-4D96-B16F-6B7A5A9379D3}.Release|Any CPU.Build.0 = Release|Any CPU
		{F42229F4-C758-4F9D-B713-E82D2EBC4CA7}.Debug|Any CPU.ActiveCfg = Debug|Any CPU
		{F42229F4-C758-4F9D-B713-E82D2EBC4CA7}.Debug|Any CPU.Build.0 = Debug|Any CPU
		{F42229F4-C758-4F9D-B713-E82D2EBC4CA7}.Release|Any CPU.ActiveCfg = Release|Any CPU
		{F42229F4-C758-4F9D-B713-E82D2EBC4CA7}.Release|Any CPU.Build.0 = Release|Any CPU
		{2FFB5DAD-5281-42C7-9DAD-BC637F694142}.Debug|Any CPU.ActiveCfg = Debug|Any CPU
		{2FFB5DAD-5281-42C7-9DAD-BC637F694142}.Debug|Any CPU.Build.0 = Debug|Any CPU
		{2FFB5DAD-5281-42C7-9DAD-BC637F694142}.Release|Any CPU.ActiveCfg = Release|Any CPU
		{2FFB5DAD-5281-42C7-9DAD-BC637F694142}.Release|Any CPU.Build.0 = Release|Any CPU
		{4C4D0B0F-5EFC-49FC-A9D0-55BF79CA4622}.Debug|Any CPU.ActiveCfg = Debug|Any CPU
		{4C4D0B0F-5EFC-49FC-A9D0-55BF79CA4622}.Debug|Any CPU.Build.0 = Debug|Any CPU
		{4C4D0B0F-5EFC-49FC-A9D0-55BF79CA4622}.Release|Any CPU.ActiveCfg = Release|Any CPU
		{4C4D0B0F-5EFC-49FC-A9D0-55BF79CA4622}.Release|Any CPU.Build.0 = Release|Any CPU
		{7B3AAF9B-A221-4CF7-AF44-FCFCDEA54C5F}.Debug|Any CPU.ActiveCfg = Debug|Any CPU
		{7B3AAF9B-A221-4CF7-AF44-FCFCDEA54C5F}.Debug|Any CPU.Build.0 = Debug|Any CPU
		{7B3AAF9B-A221-4CF7-AF44-FCFCDEA54C5F}.Release|Any CPU.ActiveCfg = Release|Any CPU
		{7B3AAF9B-A221-4CF7-AF44-FCFCDEA54C5F}.Release|Any CPU.Build.0 = Release|Any CPU
		{552B6A18-AA44-4D9C-9164-3814C44672D0}.Debug|Any CPU.ActiveCfg = Debug|Any CPU
		{552B6A18-AA44-4D9C-9164-3814C44672D0}.Debug|Any CPU.Build.0 = Debug|Any CPU
		{552B6A18-AA44-4D9C-9164-3814C44672D0}.Release|Any CPU.ActiveCfg = Release|Any CPU
		{552B6A18-AA44-4D9C-9164-3814C44672D0}.Release|Any CPU.Build.0 = Release|Any CPU
		{4DE1410B-D14F-4461-AD52-102431A6147B}.Debug|Any CPU.ActiveCfg = Debug|Any CPU
		{4DE1410B-D14F-4461-AD52-102431A6147B}.Debug|Any CPU.Build.0 = Debug|Any CPU
		{4DE1410B-D14F-4461-AD52-102431A6147B}.Release|Any CPU.ActiveCfg = Release|Any CPU
		{4DE1410B-D14F-4461-AD52-102431A6147B}.Release|Any CPU.Build.0 = Release|Any CPU
		{AEEAE6BD-6F12-407C-AFDA-32D6174C7918}.Debug|Any CPU.ActiveCfg = Debug|Any CPU
		{AEEAE6BD-6F12-407C-AFDA-32D6174C7918}.Debug|Any CPU.Build.0 = Debug|Any CPU
		{AEEAE6BD-6F12-407C-AFDA-32D6174C7918}.Release|Any CPU.ActiveCfg = Release|Any CPU
		{AEEAE6BD-6F12-407C-AFDA-32D6174C7918}.Release|Any CPU.Build.0 = Release|Any CPU
		{E863B0BD-D632-44A5-B11B-244B652C1A0B}.Debug|Any CPU.ActiveCfg = Debug|Any CPU
		{E863B0BD-D632-44A5-B11B-244B652C1A0B}.Debug|Any CPU.Build.0 = Debug|Any CPU
		{E863B0BD-D632-44A5-B11B-244B652C1A0B}.Release|Any CPU.ActiveCfg = Release|Any CPU
		{E863B0BD-D632-44A5-B11B-244B652C1A0B}.Release|Any CPU.Build.0 = Release|Any CPU
	EndGlobalSection
EndGlobal
